// !$*UTF8*$!
{
	archiveVersion = 1;
	classes = {
	};
	objectVersion = 56;
	objects = {

/* Begin PBXBuildFile section */
		07354976298A90A500344A99 /* AppDelegate.swift in Sources */ = {isa = PBXBuildFile; fileRef = 07354975298A90A500344A99 /* AppDelegate.swift */; };
		07354978298A90A500344A99 /* SceneDelegate.swift in Sources */ = {isa = PBXBuildFile; fileRef = 07354977298A90A500344A99 /* SceneDelegate.swift */; };
		0735497A298A90A500344A99 /* RecentCallViewController.swift in Sources */ = {isa = PBXBuildFile; fileRef = 07354979298A90A500344A99 /* RecentCallViewController.swift */; };
		07354980298A90A500344A99 /* PhoneCallEssential.xcdatamodeld in Sources */ = {isa = PBXBuildFile; fileRef = 0735497E298A90A500344A99 /* PhoneCallEssential.xcdatamodeld */; };
		07354982298A90A800344A99 /* Assets.xcassets in Resources */ = {isa = PBXBuildFile; fileRef = 07354981298A90A800344A99 /* Assets.xcassets */; };
		07354985298A90A800344A99 /* LaunchScreen.storyboard in Resources */ = {isa = PBXBuildFile; fileRef = 07354983298A90A800344A99 /* LaunchScreen.storyboard */; };
		073AE410298A986600F700A0 /* RecentCallView.swift in Sources */ = {isa = PBXBuildFile; fileRef = 073AE40F298A986600F700A0 /* RecentCallView.swift */; };
		073AE412298A9CDA00F700A0 /* RecentCallTableViewCell.swift in Sources */ = {isa = PBXBuildFile; fileRef = 073AE411298A9CDA00F700A0 /* RecentCallTableViewCell.swift */; };
		073AE414298AA2BD00F700A0 /* TabBarController.swift in Sources */ = {isa = PBXBuildFile; fileRef = 073AE413298AA2BD00F700A0 /* TabBarController.swift */; };
		073AE416298AA41700F700A0 /* ContaceViewController.swift in Sources */ = {isa = PBXBuildFile; fileRef = 073AE415298AA41700F700A0 /* ContaceViewController.swift */; };
		073AE418298BE5ED00F700A0 /* RecentCall.swift in Sources */ = {isa = PBXBuildFile; fileRef = 073AE417298BE5ED00F700A0 /* RecentCall.swift */; };
		073AE41A298BE77100F700A0 /* DataManager.swift in Sources */ = {isa = PBXBuildFile; fileRef = 073AE419298BE77100F700A0 /* DataManager.swift */; };
/* End PBXBuildFile section */

/* Begin PBXFileReference section */
		07354972298A90A500344A99 /* PhoneCallEssential.app */ = {isa = PBXFileReference; explicitFileType = wrapper.application; includeInIndex = 0; path = PhoneCallEssential.app; sourceTree = BUILT_PRODUCTS_DIR; };
		07354975298A90A500344A99 /* AppDelegate.swift */ = {isa = PBXFileReference; lastKnownFileType = sourcecode.swift; path = AppDelegate.swift; sourceTree = "<group>"; };
		07354977298A90A500344A99 /* SceneDelegate.swift */ = {isa = PBXFileReference; lastKnownFileType = sourcecode.swift; path = SceneDelegate.swift; sourceTree = "<group>"; };
		07354979298A90A500344A99 /* RecentCallViewController.swift */ = {isa = PBXFileReference; lastKnownFileType = sourcecode.swift; path = RecentCallViewController.swift; sourceTree = "<group>"; };
		0735497F298A90A500344A99 /* PhoneCallEssential.xcdatamodel */ = {isa = PBXFileReference; lastKnownFileType = wrapper.xcdatamodel; path = PhoneCallEssential.xcdatamodel; sourceTree = "<group>"; };
		07354981298A90A800344A99 /* Assets.xcassets */ = {isa = PBXFileReference; lastKnownFileType = folder.assetcatalog; path = Assets.xcassets; sourceTree = "<group>"; };
		07354984298A90A800344A99 /* Base */ = {isa = PBXFileReference; lastKnownFileType = file.storyboard; name = Base; path = Base.lproj/LaunchScreen.storyboard; sourceTree = "<group>"; };
		07354986298A90A800344A99 /* Info.plist */ = {isa = PBXFileReference; lastKnownFileType = text.plist.xml; path = Info.plist; sourceTree = "<group>"; };
		073AE40F298A986600F700A0 /* RecentCallView.swift */ = {isa = PBXFileReference; lastKnownFileType = sourcecode.swift; path = RecentCallView.swift; sourceTree = "<group>"; };
		073AE411298A9CDA00F700A0 /* RecentCallTableViewCell.swift */ = {isa = PBXFileReference; lastKnownFileType = sourcecode.swift; path = RecentCallTableViewCell.swift; sourceTree = "<group>"; };
		073AE413298AA2BD00F700A0 /* TabBarController.swift */ = {isa = PBXFileReference; lastKnownFileType = sourcecode.swift; path = TabBarController.swift; sourceTree = "<group>"; };
		073AE415298AA41700F700A0 /* ContaceViewController.swift */ = {isa = PBXFileReference; lastKnownFileType = sourcecode.swift; path = ContaceViewController.swift; sourceTree = "<group>"; };
		073AE417298BE5ED00F700A0 /* RecentCall.swift */ = {isa = PBXFileReference; lastKnownFileType = sourcecode.swift; path = RecentCall.swift; sourceTree = "<group>"; };
		073AE419298BE77100F700A0 /* DataManager.swift */ = {isa = PBXFileReference; lastKnownFileType = sourcecode.swift; path = DataManager.swift; sourceTree = "<group>"; };
/* End PBXFileReference section */

/* Begin PBXFrameworksBuildPhase section */
		0735496F298A90A500344A99 /* Frameworks */ = {
			isa = PBXFrameworksBuildPhase;
			buildActionMask = 2147483647;
			files = (
			);
			runOnlyForDeploymentPostprocessing = 0;
		};
/* End PBXFrameworksBuildPhase section */

/* Begin PBXGroup section */
		07354969298A90A500344A99 = {
			isa = PBXGroup;
			children = (
				07354974298A90A500344A99 /* PhoneCallEssential */,
				07354973298A90A500344A99 /* Products */,
			);
			sourceTree = "<group>";
		};
		07354973298A90A500344A99 /* Products */ = {
			isa = PBXGroup;
			children = (
				07354972298A90A500344A99 /* PhoneCallEssential.app */,
			);
			name = Products;
			sourceTree = "<group>";
		};
		07354974298A90A500344A99 /* PhoneCallEssential */ = {
			isa = PBXGroup;
			children = (
				07354975298A90A500344A99 /* AppDelegate.swift */,
				07354977298A90A500344A99 /* SceneDelegate.swift */,
				07354981298A90A800344A99 /* Assets.xcassets */,
				07354986298A90A800344A99 /* Info.plist */,
				0735497E298A90A500344A99 /* PhoneCallEssential.xcdatamodeld */,
				0735498C298A949A00344A99 /* Model */,
				0735498D298A94A000344A99 /* View */,
				0735498E298A94A500344A99 /* Controller */,
			);
			path = PhoneCallEssential;
			sourceTree = "<group>";
		};
		0735498C298A949A00344A99 /* Model */ = {
			isa = PBXGroup;
			children = (
				073AE419298BE77100F700A0 /* DataManager.swift */,
				073AE417298BE5ED00F700A0 /* RecentCall.swift */,
			);
			path = Model;
			sourceTree = "<group>";
		};
		0735498D298A94A000344A99 /* View */ = {
			isa = PBXGroup;
			children = (
				07354983298A90A800344A99 /* LaunchScreen.storyboard */,
				073AE413298AA2BD00F700A0 /* TabBarController.swift */,
				073AE40F298A986600F700A0 /* RecentCallView.swift */,
				073AE411298A9CDA00F700A0 /* RecentCallTableViewCell.swift */,
			);
			path = View;
			sourceTree = "<group>";
		};
		0735498E298A94A500344A99 /* Controller */ = {
			isa = PBXGroup;
			children = (
				07354979298A90A500344A99 /* RecentCallViewController.swift */,
				073AE415298AA41700F700A0 /* ContaceViewController.swift */,
			);
			path = Controller;
			sourceTree = "<group>";
		};
/* End PBXGroup section */

/* Begin PBXNativeTarget section */
		07354971298A90A500344A99 /* PhoneCallEssential */ = {
			isa = PBXNativeTarget;
			buildConfigurationList = 07354989298A90A800344A99 /* Build configuration list for PBXNativeTarget "PhoneCallEssential" */;
			buildPhases = (
				0735496E298A90A500344A99 /* Sources */,
				0735496F298A90A500344A99 /* Frameworks */,
				07354970298A90A500344A99 /* Resources */,
			);
			buildRules = (
			);
			dependencies = (
			);
			name = PhoneCallEssential;
			productName = PhoneCallEssential;
			productReference = 07354972298A90A500344A99 /* PhoneCallEssential.app */;
			productType = "com.apple.product-type.application";
		};
/* End PBXNativeTarget section */

/* Begin PBXProject section */
		0735496A298A90A500344A99 /* Project object */ = {
			isa = PBXProject;
			attributes = {
				BuildIndependentTargetsInParallel = 1;
				LastSwiftUpdateCheck = 1420;
				LastUpgradeCheck = 1420;
				TargetAttributes = {
					07354971298A90A500344A99 = {
						CreatedOnToolsVersion = 14.2;
					};
				};
			};
			buildConfigurationList = 0735496D298A90A500344A99 /* Build configuration list for PBXProject "PhoneCallEssential" */;
			compatibilityVersion = "Xcode 14.0";
			developmentRegion = en;
			hasScannedForEncodings = 0;
			knownRegions = (
				en,
				Base,
			);
			mainGroup = 07354969298A90A500344A99;
			productRefGroup = 07354973298A90A500344A99 /* Products */;
			projectDirPath = "";
			projectRoot = "";
			targets = (
				07354971298A90A500344A99 /* PhoneCallEssential */,
			);
		};
/* End PBXProject section */

/* Begin PBXResourcesBuildPhase section */
		07354970298A90A500344A99 /* Resources */ = {
			isa = PBXResourcesBuildPhase;
			buildActionMask = 2147483647;
			files = (
				07354985298A90A800344A99 /* LaunchScreen.storyboard in Resources */,
				07354982298A90A800344A99 /* Assets.xcassets in Resources */,
			);
			runOnlyForDeploymentPostprocessing = 0;
		};
/* End PBXResourcesBuildPhase section */

/* Begin PBXSourcesBuildPhase section */
		0735496E298A90A500344A99 /* Sources */ = {
			isa = PBXSourcesBuildPhase;
			buildActionMask = 2147483647;
			files = (
				0735497A298A90A500344A99 /* RecentCallViewController.swift in Sources */,
				073AE41A298BE77100F700A0 /* DataManager.swift in Sources */,
				073AE410298A986600F700A0 /* RecentCallView.swift in Sources */,
				073AE416298AA41700F700A0 /* ContaceViewController.swift in Sources */,
				07354980298A90A500344A99 /* PhoneCallEssential.xcdatamodeld in Sources */,
				07354976298A90A500344A99 /* AppDelegate.swift in Sources */,
				073AE414298AA2BD00F700A0 /* TabBarController.swift in Sources */,
				073AE418298BE5ED00F700A0 /* RecentCall.swift in Sources */,
				073AE412298A9CDA00F700A0 /* RecentCallTableViewCell.swift in Sources */,
				07354978298A90A500344A99 /* SceneDelegate.swift in Sources */,
			);
			runOnlyForDeploymentPostprocessing = 0;
		};
/* End PBXSourcesBuildPhase section */

/* Begin PBXVariantGroup section */
		07354983298A90A800344A99 /* LaunchScreen.storyboard */ = {
			isa = PBXVariantGroup;
			children = (
				07354984298A90A800344A99 /* Base */,
			);
			name = LaunchScreen.storyboard;
			sourceTree = "<group>";
		};
/* End PBXVariantGroup section */

/* Begin XCBuildConfiguration section */
		07354987298A90A800344A99 /* Debug */ = {
			isa = XCBuildConfiguration;
			buildSettings = {
				ALWAYS_SEARCH_USER_PATHS = NO;
				CLANG_ANALYZER_NONNULL = YES;
				CLANG_ANALYZER_NUMBER_OBJECT_CONVERSION = YES_AGGRESSIVE;
				CLANG_CXX_LANGUAGE_STANDARD = "gnu++20";
				CLANG_ENABLE_MODULES = YES;
				CLANG_ENABLE_OBJC_ARC = YES;
				CLANG_ENABLE_OBJC_WEAK = YES;
				CLANG_WARN_BLOCK_CAPTURE_AUTORELEASING = YES;
				CLANG_WARN_BOOL_CONVERSION = YES;
				CLANG_WARN_COMMA = YES;
				CLANG_WARN_CONSTANT_CONVERSION = YES;
				CLANG_WARN_DEPRECATED_OBJC_IMPLEMENTATIONS = YES;
				CLANG_WARN_DIRECT_OBJC_ISA_USAGE = YES_ERROR;
				CLANG_WARN_DOCUMENTATION_COMMENTS = YES;
				CLANG_WARN_EMPTY_BODY = YES;
				CLANG_WARN_ENUM_CONVERSION = YES;
				CLANG_WARN_INFINITE_RECURSION = YES;
				CLANG_WARN_INT_CONVERSION = YES;
				CLANG_WARN_NON_LITERAL_NULL_CONVERSION = YES;
				CLANG_WARN_OBJC_IMPLICIT_RETAIN_SELF = YES;
				CLANG_WARN_OBJC_LITERAL_CONVERSION = YES;
				CLANG_WARN_OBJC_ROOT_CLASS = YES_ERROR;
				CLANG_WARN_QUOTED_INCLUDE_IN_FRAMEWORK_HEADER = YES;
				CLANG_WARN_RANGE_LOOP_ANALYSIS = YES;
				CLANG_WARN_STRICT_PROTOTYPES = YES;
				CLANG_WARN_SUSPICIOUS_MOVE = YES;
				CLANG_WARN_UNGUARDED_AVAILABILITY = YES_AGGRESSIVE;
				CLANG_WARN_UNREACHABLE_CODE = YES;
				CLANG_WARN__DUPLICATE_METHOD_MATCH = YES;
				COPY_PHASE_STRIP = NO;
				DEBUG_INFORMATION_FORMAT = dwarf;
				ENABLE_STRICT_OBJC_MSGSEND = YES;
				ENABLE_TESTABILITY = YES;
				GCC_C_LANGUAGE_STANDARD = gnu11;
				GCC_DYNAMIC_NO_PIC = NO;
				GCC_NO_COMMON_BLOCKS = YES;
				GCC_OPTIMIZATION_LEVEL = 0;
				GCC_PREPROCESSOR_DEFINITIONS = (
					"DEBUG=1",
					"$(inherited)",
				);
				GCC_WARN_64_TO_32_BIT_CONVERSION = YES;
				GCC_WARN_ABOUT_RETURN_TYPE = YES_ERROR;
				GCC_WARN_UNDECLARED_SELECTOR = YES;
				GCC_WARN_UNINITIALIZED_AUTOS = YES_AGGRESSIVE;
				GCC_WARN_UNUSED_FUNCTION = YES;
				GCC_WARN_UNUSED_VARIABLE = YES;
				IPHONEOS_DEPLOYMENT_TARGET = 16.2;
				MTL_ENABLE_DEBUG_INFO = INCLUDE_SOURCE;
				MTL_FAST_MATH = YES;
				ONLY_ACTIVE_ARCH = YES;
				SDKROOT = iphoneos;
				SWIFT_ACTIVE_COMPILATION_CONDITIONS = DEBUG;
				SWIFT_OPTIMIZATION_LEVEL = "-Onone";
			};
			name = Debug;
		};
		07354988298A90A800344A99 /* Release */ = {
			isa = XCBuildConfiguration;
			buildSettings = {
				ALWAYS_SEARCH_USER_PATHS = NO;
				CLANG_ANALYZER_NONNULL = YES;
				CLANG_ANALYZER_NUMBER_OBJECT_CONVERSION = YES_AGGRESSIVE;
				CLANG_CXX_LANGUAGE_STANDARD = "gnu++20";
				CLANG_ENABLE_MODULES = YES;
				CLANG_ENABLE_OBJC_ARC = YES;
				CLANG_ENABLE_OBJC_WEAK = YES;
				CLANG_WARN_BLOCK_CAPTURE_AUTORELEASING = YES;
				CLANG_WARN_BOOL_CONVERSION = YES;
				CLANG_WARN_COMMA = YES;
				CLANG_WARN_CONSTANT_CONVERSION = YES;
				CLANG_WARN_DEPRECATED_OBJC_IMPLEMENTATIONS = YES;
				CLANG_WARN_DIRECT_OBJC_ISA_USAGE = YES_ERROR;
				CLANG_WARN_DOCUMENTATION_COMMENTS = YES;
				CLANG_WARN_EMPTY_BODY = YES;
				CLANG_WARN_ENUM_CONVERSION = YES;
				CLANG_WARN_INFINITE_RECURSION = YES;
				CLANG_WARN_INT_CONVERSION = YES;
				CLANG_WARN_NON_LITERAL_NULL_CONVERSION = YES;
				CLANG_WARN_OBJC_IMPLICIT_RETAIN_SELF = YES;
				CLANG_WARN_OBJC_LITERAL_CONVERSION = YES;
				CLANG_WARN_OBJC_ROOT_CLASS = YES_ERROR;
				CLANG_WARN_QUOTED_INCLUDE_IN_FRAMEWORK_HEADER = YES;
				CLANG_WARN_RANGE_LOOP_ANALYSIS = YES;
				CLANG_WARN_STRICT_PROTOTYPES = YES;
				CLANG_WARN_SUSPICIOUS_MOVE = YES;
				CLANG_WARN_UNGUARDED_AVAILABILITY = YES_AGGRESSIVE;
				CLANG_WARN_UNREACHABLE_CODE = YES;
				CLANG_WARN__DUPLICATE_METHOD_MATCH = YES;
				COPY_PHASE_STRIP = NO;
				DEBUG_INFORMATION_FORMAT = "dwarf-with-dsym";
				ENABLE_NS_ASSERTIONS = NO;
				ENABLE_STRICT_OBJC_MSGSEND = YES;
				GCC_C_LANGUAGE_STANDARD = gnu11;
				GCC_NO_COMMON_BLOCKS = YES;
				GCC_WARN_64_TO_32_BIT_CONVERSION = YES;
				GCC_WARN_ABOUT_RETURN_TYPE = YES_ERROR;
				GCC_WARN_UNDECLARED_SELECTOR = YES;
				GCC_WARN_UNINITIALIZED_AUTOS = YES_AGGRESSIVE;
				GCC_WARN_UNUSED_FUNCTION = YES;
				GCC_WARN_UNUSED_VARIABLE = YES;
				IPHONEOS_DEPLOYMENT_TARGET = 16.2;
				MTL_ENABLE_DEBUG_INFO = NO;
				MTL_FAST_MATH = YES;
				SDKROOT = iphoneos;
				SWIFT_COMPILATION_MODE = wholemodule;
				SWIFT_OPTIMIZATION_LEVEL = "-O";
				VALIDATE_PRODUCT = YES;
			};
			name = Release;
		};
		0735498A298A90A800344A99 /* Debug */ = {
			isa = XCBuildConfiguration;
			buildSettings = {
				ASSETCATALOG_COMPILER_APPICON_NAME = AppIcon;
				ASSETCATALOG_COMPILER_GLOBAL_ACCENT_COLOR_NAME = AccentColor;
				CODE_SIGN_STYLE = Automatic;
				CURRENT_PROJECT_VERSION = 1;
				DEVELOPMENT_TEAM = 9XG4S4XZWN;
				GENERATE_INFOPLIST_FILE = YES;
				INFOPLIST_FILE = PhoneCallEssential/Info.plist;
				INFOPLIST_KEY_UIApplicationSupportsIndirectInputEvents = YES;
				INFOPLIST_KEY_UILaunchStoryboardName = LaunchScreen;
				INFOPLIST_KEY_UISupportedInterfaceOrientations = UIInterfaceOrientationPortrait;
				IPHONEOS_DEPLOYMENT_TARGET = 14.0;
				LD_RUNPATH_SEARCH_PATHS = (
					"$(inherited)",
					"@executable_path/Frameworks",
				);
				MARKETING_VERSION = 1.0;
				PRODUCT_BUNDLE_IDENTIFIER = com.thinkyside.PhoneCallEssential;
				PRODUCT_NAME = "$(TARGET_NAME)";
				SWIFT_EMIT_LOC_STRINGS = YES;
				SWIFT_VERSION = 5.0;
				TARGETED_DEVICE_FAMILY = "1,2";
			};
			name = Debug;
		};
		0735498B298A90A800344A99 /* Release */ = {
			isa = XCBuildConfiguration;
			buildSettings = {
				ASSETCATALOG_COMPILER_APPICON_NAME = AppIcon;
				ASSETCATALOG_COMPILER_GLOBAL_ACCENT_COLOR_NAME = AccentColor;
				CODE_SIGN_STYLE = Automatic;
				CURRENT_PROJECT_VERSION = 1;
				DEVELOPMENT_TEAM = 9XG4S4XZWN;
				GENERATE_INFOPLIST_FILE = YES;
				INFOPLIST_FILE = PhoneCallEssential/Info.plist;
				INFOPLIST_KEY_UIApplicationSupportsIndirectInputEvents = YES;
				INFOPLIST_KEY_UILaunchStoryboardName = LaunchScreen;
				INFOPLIST_KEY_UISupportedInterfaceOrientations = UIInterfaceOrientationPortrait;
				IPHONEOS_DEPLOYMENT_TARGET = 14.0;
				LD_RUNPATH_SEARCH_PATHS = (
					"$(inherited)",
					"@executable_path/Frameworks",
				);
				MARKETING_VERSION = 1.0;
				PRODUCT_BUNDLE_IDENTIFIER = com.thinkyside.PhoneCallEssential;
				PRODUCT_NAME = "$(TARGET_NAME)";
				SWIFT_EMIT_LOC_STRINGS = YES;
				SWIFT_VERSION = 5.0;
				TARGETED_DEVICE_FAMILY = "1,2";
			};
			name = Release;
		};
/* End XCBuildConfiguration section */

/* Begin XCConfigurationList section */
		0735496D298A90A500344A99 /* Build configuration list for PBXProject "PhoneCallEssential" */ = {
			isa = XCConfigurationList;
			buildConfigurations = (
				07354987298A90A800344A99 /* Debug */,
				07354988298A90A800344A99 /* Release */,
			);
			defaultConfigurationIsVisible = 0;
			defaultConfigurationName = Release;
		};
		07354989298A90A800344A99 /* Build configuration list for PBXNativeTarget "PhoneCallEssential" */ = {
			isa = XCConfigurationList;
			buildConfigurations = (
				0735498A298A90A800344A99 /* Debug */,
				0735498B298A90A800344A99 /* Release */,
			);
			defaultConfigurationIsVisible = 0;
			defaultConfigurationName = Release;
		};
/* End XCConfigurationList section */

/* Begin XCVersionGroup section */
		0735497E298A90A500344A99 /* PhoneCallEssential.xcdatamodeld */ = {
			isa = XCVersionGroup;
			children = (
				0735497F298A90A500344A99 /* PhoneCallEssential.xcdatamodel */,
			);
			currentVersion = 0735497F298A90A500344A99 /* PhoneCallEssential.xcdatamodel */;
			path = PhoneCallEssential.xcdatamodeld;
			sourceTree = "<group>";
			versionGroupType = wrapper.xcdatamodel;
		};
/* End XCVersionGroup section */
	};
	rootObject = 0735496A298A90A500344A99 /* Project object */;
}
